// !$*UTF8*$!
{
	archiveVersion = 1;
	classes = {
	};
	objectVersion = 46;
	objects = {

/* Begin PBXBuildFile section */
		8B3AEBCA1C16641F0073895C /* AppDelegate.swift in Sources */ = {isa = PBXBuildFile; fileRef = 8B3AEBC91C16641F0073895C /* AppDelegate.swift */; };
		8B3AEBCC1C16641F0073895C /* ViewController.swift in Sources */ = {isa = PBXBuildFile; fileRef = 8B3AEBCB1C16641F0073895C /* ViewController.swift */; };
		8B3AEBCF1C16641F0073895C /* Main.storyboard in Resources */ = {isa = PBXBuildFile; fileRef = 8B3AEBCD1C16641F0073895C /* Main.storyboard */; };
		8B3AEBD11C16641F0073895C /* Assets.xcassets in Resources */ = {isa = PBXBuildFile; fileRef = 8B3AEBD01C16641F0073895C /* Assets.xcassets */; };
		8B3AEBD41C16641F0073895C /* LaunchScreen.storyboard in Resources */ = {isa = PBXBuildFile; fileRef = 8B3AEBD21C16641F0073895C /* LaunchScreen.storyboard */; };
		8B3AEBDF1C16641F0073895C /* FoodTrackerTests.swift in Sources */ = {isa = PBXBuildFile; fileRef = 8B3AEBDE1C16641F0073895C /* FoodTrackerTests.swift */; };
		8B3AEBEA1C16641F0073895C /* FoodTrackerUITests.swift in Sources */ = {isa = PBXBuildFile; fileRef = 8B3AEBE91C16641F0073895C /* FoodTrackerUITests.swift */; };
/* End PBXBuildFile section */

/* Begin PBXContainerItemProxy section */
		8B3AEBDB1C16641F0073895C /* PBXContainerItemProxy */ = {
			isa = PBXContainerItemProxy;
			containerPortal = 8B3AEBBE1C16641F0073895C /* Project object */;
			proxyType = 1;
			remoteGlobalIDString = 8B3AEBC51C16641F0073895C;
			remoteInfo = FoodTracker;
		};
		8B3AEBE61C16641F0073895C /* PBXContainerItemProxy */ = {
			isa = PBXContainerItemProxy;
			containerPortal = 8B3AEBBE1C16641F0073895C /* Project object */;
			proxyType = 1;
			remoteGlobalIDString = 8B3AEBC51C16641F0073895C;
			remoteInfo = FoodTracker;
		};
/* End PBXContainerItemProxy section */

/* Begin PBXFileReference section */
		8B3AEBC61C16641F0073895C /* FoodTracker.app */ = {isa = PBXFileReference; explicitFileType = wrapper.application; includeInIndex = 0; path = FoodTracker.app; sourceTree = BUILT_PRODUCTS_DIR; };
		8B3AEBC91C16641F0073895C /* AppDelegate.swift */ = {isa = PBXFileReference; lastKnownFileType = sourcecode.swift; path = AppDelegate.swift; sourceTree = "<group>"; };
		8B3AEBCB1C16641F0073895C /* ViewController.swift */ = {isa = PBXFileReference; lastKnownFileType = sourcecode.swift; path = ViewController.swift; sourceTree = "<group>"; };
		8B3AEBCE1C16641F0073895C /* Base */ = {isa = PBXFileReference; lastKnownFileType = file.storyboard; name = Base; path = Base.lproj/Main.storyboard; sourceTree = "<group>"; };
		8B3AEBD01C16641F0073895C /* Assets.xcassets */ = {isa = PBXFileReference; lastKnownFileType = folder.assetcatalog; path = Assets.xcassets; sourceTree = "<group>"; };
		8B3AEBD31C16641F0073895C /* Base */ = {isa = PBXFileReference; lastKnownFileType = file.storyboard; name = Base; path = Base.lproj/LaunchScreen.storyboard; sourceTree = "<group>"; };
		8B3AEBD51C16641F0073895C /* Info.plist */ = {isa = PBXFileReference; lastKnownFileType = text.plist.xml; path = Info.plist; sourceTree = "<group>"; };
		8B3AEBDA1C16641F0073895C /* FoodTrackerTests.xctest */ = {isa = PBXFileReference; explicitFileType = wrapper.cfbundle; includeInIndex = 0; path = FoodTrackerTests.xctest; sourceTree = BUILT_PRODUCTS_DIR; };
		8B3AEBDE1C16641F0073895C /* FoodTrackerTests.swift */ = {isa = PBXFileReference; lastKnownFileType = sourcecode.swift; path = FoodTrackerTests.swift; sourceTree = "<group>"; };
		8B3AEBE01C16641F0073895C /* Info.plist */ = {isa = PBXFileReference; lastKnownFileType = text.plist.xml; path = Info.plist; sourceTree = "<group>"; };
		8B3AEBE51C16641F0073895C /* FoodTrackerUITests.xctest */ = {isa = PBXFileReference; explicitFileType = wrapper.cfbundle; includeInIndex = 0; path = FoodTrackerUITests.xctest; sourceTree = BUILT_PRODUCTS_DIR; };
		8B3AEBE91C16641F0073895C /* FoodTrackerUITests.swift */ = {isa = PBXFileReference; lastKnownFileType = sourcecode.swift; path = FoodTrackerUITests.swift; sourceTree = "<group>"; };
		8B3AEBEB1C16641F0073895C /* Info.plist */ = {isa = PBXFileReference; lastKnownFileType = text.plist.xml; path = Info.plist; sourceTree = "<group>"; };
/* End PBXFileReference section */

/* Begin PBXFrameworksBuildPhase section */
		8B3AEBC31C16641F0073895C /* Frameworks */ = {
			isa = PBXFrameworksBuildPhase;
			buildActionMask = 2147483647;
			files = (
			);
			runOnlyForDeploymentPostprocessing = 0;
		};
		8B3AEBD71C16641F0073895C /* Frameworks */ = {
			isa = PBXFrameworksBuildPhase;
			buildActionMask = 2147483647;
			files = (
			);
			runOnlyForDeploymentPostprocessing = 0;
		};
		8B3AEBE21C16641F0073895C /* Frameworks */ = {
			isa = PBXFrameworksBuildPhase;
			buildActionMask = 2147483647;
			files = (
			);
			runOnlyForDeploymentPostprocessing = 0;
		};
/* End PBXFrameworksBuildPhase section */

/* Begin PBXGroup section */
		8B3AEBBD1C16641F0073895C = {
			isa = PBXGroup;
			children = (
				8B3AEBC81C16641F0073895C /* FoodTracker */,
				8B3AEBDD1C16641F0073895C /* FoodTrackerTests */,
				8B3AEBE81C16641F0073895C /* FoodTrackerUITests */,
				8B3AEBC71C16641F0073895C /* Products */,
			);
			sourceTree = "<group>";
		};
		8B3AEBC71C16641F0073895C /* Products */ = {
			isa = PBXGroup;
			children = (
				8B3AEBC61C16641F0073895C /* FoodTracker.app */,
				8B3AEBDA1C16641F0073895C /* FoodTrackerTests.xctest */,
				8B3AEBE51C16641F0073895C /* FoodTrackerUITests.xctest */,
			);
			name = Products;
			sourceTree = "<group>";
		};
		8B3AEBC81C16641F0073895C /* FoodTracker */ = {
			isa = PBXGroup;
			children = (
				8B3AEBC91C16641F0073895C /* AppDelegate.swift */,
				8B3AEBCB1C16641F0073895C /* ViewController.swift */,
				8B3AEBCD1C16641F0073895C /* Main.storyboard */,
				8B3AEBD01C16641F0073895C /* Assets.xcassets */,
				8B3AEBD21C16641F0073895C /* LaunchScreen.storyboard */,
				8B3AEBD51C16641F0073895C /* Info.plist */,
			);
			path = FoodTracker;
			sourceTree = "<group>";
		};
		8B3AEBDD1C16641F0073895C /* FoodTrackerTests */ = {
			isa = PBXGroup;
			children = (
				8B3AEBDE1C16641F0073895C /* FoodTrackerTests.swift */,
				8B3AEBE01C16641F0073895C /* Info.plist */,
			);
			path = FoodTrackerTests;
			sourceTree = "<group>";
		};
		8B3AEBE81C16641F0073895C /* FoodTrackerUITests */ = {
			isa = PBXGroup;
			children = (
				8B3AEBE91C16641F0073895C /* FoodTrackerUITests.swift */,
				8B3AEBEB1C16641F0073895C /* Info.plist */,
			);
			path = FoodTrackerUITests;
			sourceTree = "<group>";
		};
/* End PBXGroup section */

/* Begin PBXNativeTarget section */
		8B3AEBC51C16641F0073895C /* FoodTracker */ = {
			isa = PBXNativeTarget;
			buildConfigurationList = 8B3AEBEE1C16641F0073895C /* Build configuration list for PBXNativeTarget "FoodTracker" */;
			buildPhases = (
				8B3AEBC21C16641F0073895C /* Sources */,
				8B3AEBC31C16641F0073895C /* Frameworks */,
				8B3AEBC41C16641F0073895C /* Resources */,
			);
			buildRules = (
			);
			dependencies = (
			);
			name = FoodTracker;
			productName = FoodTracker;
			productReference = 8B3AEBC61C16641F0073895C /* FoodTracker.app */;
			productType = "com.apple.product-type.application";
		};
		8B3AEBD91C16641F0073895C /* FoodTrackerTests */ = {
			isa = PBXNativeTarget;
			buildConfigurationList = 8B3AEBF11C16641F0073895C /* Build configuration list for PBXNativeTarget "FoodTrackerTests" */;
			buildPhases = (
				8B3AEBD61C16641F0073895C /* Sources */,
				8B3AEBD71C16641F0073895C /* Frameworks */,
				8B3AEBD81C16641F0073895C /* Resources */,
			);
			buildRules = (
			);
			dependencies = (
				8B3AEBDC1C16641F0073895C /* PBXTargetDependency */,
			);
			name = FoodTrackerTests;
			productName = FoodTrackerTests;
			productReference = 8B3AEBDA1C16641F0073895C /* FoodTrackerTests.xctest */;
			productType = "com.apple.product-type.bundle.unit-test";
		};
		8B3AEBE41C16641F0073895C /* FoodTrackerUITests */ = {
			isa = PBXNativeTarget;
			buildConfigurationList = 8B3AEBF41C16641F0073895C /* Build configuration list for PBXNativeTarget "FoodTrackerUITests" */;
			buildPhases = (
				8B3AEBE11C16641F0073895C /* Sources */,
				8B3AEBE21C16641F0073895C /* Frameworks */,
				8B3AEBE31C16641F0073895C /* Resources */,
			);
			buildRules = (
			);
			dependencies = (
				8B3AEBE71C16641F0073895C /* PBXTargetDependency */,
			);
			name = FoodTrackerUITests;
			productName = FoodTrackerUITests;
			productReference = 8B3AEBE51C16641F0073895C /* FoodTrackerUITests.xctest */;
			productType = "com.apple.product-type.bundle.ui-testing";
		};
/* End PBXNativeTarget section */

/* Begin PBXProject section */
		8B3AEBBE1C16641F0073895C /* Project object */ = {
			isa = PBXProject;
			attributes = {
				LastSwiftUpdateCheck = 0710;
				LastUpgradeCheck = 0710;
				ORGANIZATIONNAME = Khushboo;
				TargetAttributes = {
					8B3AEBC51C16641F0073895C = {
						CreatedOnToolsVersion = 7.1.1;
					};
					8B3AEBD91C16641F0073895C = {
						CreatedOnToolsVersion = 7.1.1;
						TestTargetID = 8B3AEBC51C16641F0073895C;
					};
					8B3AEBE41C16641F0073895C = {
						CreatedOnToolsVersion = 7.1.1;
						TestTargetID = 8B3AEBC51C16641F0073895C;
					};
				};
			};
			buildConfigurationList = 8B3AEBC11C16641F0073895C /* Build configuration list for PBXProject "FoodTracker" */;
			compatibilityVersion = "Xcode 3.2";
			developmentRegion = English;
			hasScannedForEncodings = 0;
			knownRegions = (
				en,
				Base,
			);
			mainGroup = 8B3AEBBD1C16641F0073895C;
			productRefGroup = 8B3AEBC71C16641F0073895C /* Products */;
			projectDirPath = "";
			projectRoot = "";
			targets = (
				8B3AEBC51C16641F0073895C /* FoodTracker */,
				8B3AEBD91C16641F0073895C /* FoodTrackerTests */,
				8B3AEBE41C16641F0073895C /* FoodTrackerUITests */,
			);
		};
/* End PBXProject section */

/* Begin PBXResourcesBuildPhase section */
		8B3AEBC41C16641F0073895C /* Resources */ = {
			isa = PBXResourcesBuildPhase;
			buildActionMask = 2147483647;
			files = (
				8B3AEBD41C16641F0073895C /* LaunchScreen.storyboard in Resources */,
				8B3AEBD11C16641F0073895C /* Assets.xcassets in Resources */,
				8B3AEBCF1C16641F0073895C /* Main.storyboard in Resources */,
			);
			runOnlyForDeploymentPostprocessing = 0;
		};
		8B3AEBD81C16641F0073895C /* Resources */ = {
			isa = PBXResourcesBuildPhase;
			buildActionMask = 2147483647;
			files = (
			);
			runOnlyForDeploymentPostprocessing = 0;
		};
		8B3AEBE31C16641F0073895C /* Resources */ = {
			isa = PBXResourcesBuildPhase;
			buildActionMask = 2147483647;
			files = (
			);
			runOnlyForDeploymentPostprocessing = 0;
		};
/* End PBXResourcesBuildPhase section */

/* Begin PBXSourcesBuildPhase section */
		8B3AEBC21C16641F0073895C /* Sources */ = {
			isa = PBXSourcesBuildPhase;
			buildActionMask = 2147483647;
			files = (
				8B3AEBCC1C16641F0073895C /* ViewController.swift in Sources */,
				8B3AEBCA1C16641F0073895C /* AppDelegate.swift in Sources */,
			);
			runOnlyForDeploymentPostprocessing = 0;
		};
		8B3AEBD61C16641F0073895C /* Sources */ = {
			isa = PBXSourcesBuildPhase;
			buildActionMask = 2147483647;
			files = (
				8B3AEBDF1C16641F0073895C /* FoodTrackerTests.swift in Sources */,
			);
			runOnlyForDeploymentPostprocessing = 0;
		};
		8B3AEBE11C16641F0073895C /* Sources */ = {
			isa = PBXSourcesBuildPhase;
			buildActionMask = 2147483647;
			files = (
				8B3AEBEA1C16641F0073895C /* FoodTrackerUITests.swift in Sources */,
			);
			runOnlyForDeploymentPostprocessing = 0;
		};
/* End PBXSourcesBuildPhase section */

/* Begin PBXTargetDependency section */
		8B3AEBDC1C16641F0073895C /* PBXTargetDependency */ = {
			isa = PBXTargetDependency;
			target = 8B3AEBC51C16641F0073895C /* FoodTracker */;
			targetProxy = 8B3AEBDB1C16641F0073895C /* PBXContainerItemProxy */;
		};
		8B3AEBE71C16641F0073895C /* PBXTargetDependency */ = {
			isa = PBXTargetDependency;
			target = 8B3AEBC51C16641F0073895C /* FoodTracker */;
			targetProxy = 8B3AEBE61C16641F0073895C /* PBXContainerItemProxy */;
		};
/* End PBXTargetDependency section */

/* Begin PBXVariantGroup section */
		8B3AEBCD1C16641F0073895C /* Main.storyboard */ = {
			isa = PBXVariantGroup;
			children = (
				8B3AEBCE1C16641F0073895C /* Base */,
			);
			name = Main.storyboard;
			sourceTree = "<group>";
		};
		8B3AEBD21C16641F0073895C /* LaunchScreen.storyboard */ = {
			isa = PBXVariantGroup;
			children = (
				8B3AEBD31C16641F0073895C /* Base */,
			);
			name = LaunchScreen.storyboard;
			sourceTree = "<group>";
		};
/* End PBXVariantGroup section */

/* Begin XCBuildConfiguration section */
		8B3AEBEC1C16641F0073895C /* Debug */ = {
			isa = XCBuildConfiguration;
			buildSettings = {
				ALWAYS_SEARCH_USER_PATHS = NO;
				CLANG_CXX_LANGUAGE_STANDARD = "gnu++0x";
				CLANG_CXX_LIBRARY = "libc++";
				CLANG_ENABLE_MODULES = YES;
				CLANG_ENABLE_OBJC_ARC = YES;
				CLANG_WARN_BOOL_CONVERSION = YES;
				CLANG_WARN_CONSTANT_CONVERSION = YES;
				CLANG_WARN_DIRECT_OBJC_ISA_USAGE = YES_ERROR;
				CLANG_WARN_EMPTY_BODY = YES;
				CLANG_WARN_ENUM_CONVERSION = YES;
				CLANG_WARN_INT_CONVERSION = YES;
				CLANG_WARN_OBJC_ROOT_CLASS = YES_ERROR;
				CLANG_WARN_UNREACHABLE_CODE = YES;
				CLANG_WARN__DUPLICATE_METHOD_MATCH = YES;
				"CODE_SIGN_IDENTITY[sdk=iphoneos*]" = "iPhone Developer";
				COPY_PHASE_STRIP = NO;
				DEBUG_INFORMATION_FORMAT = dwarf;
				ENABLE_STRICT_OBJC_MSGSEND = YES;
				ENABLE_TESTABILITY = YES;
				GCC_C_LANGUAGE_STANDARD = gnu99;
				GCC_DYNAMIC_NO_PIC = NO;
				GCC_NO_COMMON_BLOCKS = YES;
				GCC_OPTIMIZATION_LEVEL = 0;
				GCC_PREPROCESSOR_DEFINITIONS = (
					"DEBUG=1",
					"$(inherited)",
				);
				GCC_WARN_64_TO_32_BIT_CONVERSION = YES;
				GCC_WARN_ABOUT_RETURN_TYPE = YES_ERROR;
				GCC_WARN_UNDECLARED_SELECTOR = YES;
				GCC_WARN_UNINITIALIZED_AUTOS = YES_AGGRESSIVE;
				GCC_WARN_UNUSED_FUNCTION = YES;
				GCC_WARN_UNUSED_VARIABLE = YES;
				IPHONEOS_DEPLOYMENT_TARGET = 9.1;
				MTL_ENABLE_DEBUG_INFO = YES;
				ONLY_ACTIVE_ARCH = YES;
				SDKROOT = iphoneos;
				SWIFT_OPTIMIZATION_LEVEL = "-Onone";
				TARGETED_DEVICE_FAMILY = "1,2";
			};
			name = Debug;
		};
		8B3AEBED1C16641F0073895C /* Release */ = {
			isa = XCBuildConfiguration;
			buildSettings = {
				ALWAYS_SEARCH_USER_PATHS = NO;
				CLANG_CXX_LANGUAGE_STANDARD = "gnu++0x";
				CLANG_CXX_LIBRARY = "libc++";
				CLANG_ENABLE_MODULES = YES;
				CLANG_ENABLE_OBJC_ARC = YES;
				CLANG_WARN_BOOL_CONVERSION = YES;
				CLANG_WARN_CONSTANT_CONVERSION = YES;
				CLANG_WARN_DIRECT_OBJC_ISA_USAGE = YES_ERROR;
				CLANG_WARN_EMPTY_BODY = YES;
				CLANG_WARN_ENUM_CONVERSION = YES;
				CLANG_WARN_INT_CONVERSION = YES;
				CLANG_WARN_OBJC_ROOT_CLASS = YES_ERROR;
				CLANG_WARN_UNREACHABLE_CODE = YES;
				CLANG_WARN__DUPLICATE_METHOD_MATCH = YES;
				"CODE_SIGN_IDENTITY[sdk=iphoneos*]" = "iPhone Developer";
				COPY_PHASE_STRIP = NO;
				DEBUG_INFORMATION_FORMAT = "dwarf-with-dsym";
				ENABLE_NS_ASSERTIONS = NO;
				ENABLE_STRICT_OBJC_MSGSEND = YES;
				GCC_C_LANGUAGE_STANDARD = gnu99;
				GCC_NO_COMMON_BLOCKS = YES;
				GCC_WARN_64_TO_32_BIT_CONVERSION = YES;
				GCC_WARN_ABOUT_RETURN_TYPE = YES_ERROR;
				GCC_WARN_UNDECLARED_SELECTOR = YES;
				GCC_WARN_UNINITIALIZED_AUTOS = YES_AGGRESSIVE;
				GCC_WARN_UNUSED_FUNCTION = YES;
				GCC_WARN_UNUSED_VARIABLE = YES;
				IPHONEOS_DEPLOYMENT_TARGET = 9.1;
				MTL_ENABLE_DEBUG_INFO = NO;
				SDKROOT = iphoneos;
				TARGETED_DEVICE_FAMILY = "1,2";
				VALIDATE_PRODUCT = YES;
			};
			name = Release;
		};
		8B3AEBEF1C16641F0073895C /* Debug */ = {
			isa = XCBuildConfiguration;
			buildSettings = {
				ASSETCATALOG_COMPILER_APPICON_NAME = AppIcon;
				INFOPLIST_FILE = FoodTracker/Info.plist;
				LD_RUNPATH_SEARCH_PATHS = "$(inherited) @executable_path/Frameworks";
				PRODUCT_BUNDLE_IDENTIFIER = com.example.FoodTracker;
				PRODUCT_NAME = "$(TARGET_NAME)";
			};
			name = Debug;
		};
		8B3AEBF01C16641F0073895C /* Release */ = {
			isa = XCBuildConfiguration;
			buildSettings = {
				ASSETCATALOG_COMPILER_APPICON_NAME = AppIcon;
				INFOPLIST_FILE = FoodTracker/Info.plist;
				LD_RUNPATH_SEARCH_PATHS = "$(inherited) @executable_path/Frameworks";
				PRODUCT_BUNDLE_IDENTIFIER = com.example.FoodTracker;
				PRODUCT_NAME = "$(TARGET_NAME)";
			};
			name = Release;
		};
		8B3AEBF21C16641F0073895C /* Debug */ = {
			isa = XCBuildConfiguration;
			buildSettings = {
				BUNDLE_LOADER = "$(TEST_HOST)";
				INFOPLIST_FILE = FoodTrackerTests/Info.plist;
				LD_RUNPATH_SEARCH_PATHS = "$(inherited) @executable_path/Frameworks @loader_path/Frameworks";
				PRODUCT_BUNDLE_IDENTIFIER = com.example.FoodTrackerTests;
				PRODUCT_NAME = "$(TARGET_NAME)";
				TEST_HOST = "$(BUILT_PRODUCTS_DIR)/FoodTracker.app/FoodTracker";
			};
			name = Debug;
		};
		8B3AEBF31C16641F0073895C /* Release */ = {
			isa = XCBuildConfiguration;
			buildSettings = {
				BUNDLE_LOADER = "$(TEST_HOST)";
				INFOPLIST_FILE = FoodTrackerTests/Info.plist;
				LD_RUNPATH_SEARCH_PATHS = "$(inherited) @executable_path/Frameworks @loader_path/Frameworks";
				PRODUCT_BUNDLE_IDENTIFIER = com.example.FoodTrackerTests;
				PRODUCT_NAME = "$(TARGET_NAME)";
				TEST_HOST = "$(BUILT_PRODUCTS_DIR)/FoodTracker.app/FoodTracker";
			};
			name = Release;
		};
		8B3AEBF51C16641F0073895C /* Debug */ = {
			isa = XCBuildConfiguration;
			buildSettings = {
				INFOPLIST_FILE = FoodTrackerUITests/Info.plist;
				LD_RUNPATH_SEARCH_PATHS = "$(inherited) @executable_path/Frameworks @loader_path/Frameworks";
				PRODUCT_BUNDLE_IDENTIFIER = com.example.FoodTrackerUITests;
				PRODUCT_NAME = "$(TARGET_NAME)";
				TEST_TARGET_NAME = FoodTracker;
				USES_XCTRUNNER = YES;
			};
			name = Debug;
		};
		8B3AEBF61C16641F0073895C /* Release */ = {
			isa = XCBuildConfiguration;
			buildSettings = {
				INFOPLIST_FILE = FoodTrackerUITests/Info.plist;
				LD_RUNPATH_SEARCH_PATHS = "$(inherited) @executable_path/Frameworks @loader_path/Frameworks";
				PRODUCT_BUNDLE_IDENTIFIER = com.example.FoodTrackerUITests;
				PRODUCT_NAME = "$(TARGET_NAME)";
				TEST_TARGET_NAME = FoodTracker;
				USES_XCTRUNNER = YES;
			};
			name = Release;
		};
/* End XCBuildConfiguration section */

/* Begin XCConfigurationList section */
		8B3AEBC11C16641F0073895C /* Build configuration list for PBXProject "FoodTracker" */ = {
			isa = XCConfigurationList;
			buildConfigurations = (
				8B3AEBEC1C16641F0073895C /* Debug */,
				8B3AEBED1C16641F0073895C /* Release */,
			);
			defaultConfigurationIsVisible = 0;
			defaultConfigurationName = Release;
		};
		8B3AEBEE1C16641F0073895C /* Build configuration list for PBXNativeTarget "FoodTracker" */ = {
			isa = XCConfigurationList;
			buildConfigurations = (
				8B3AEBEF1C16641F0073895C /* Debug */,
				8B3AEBF01C16641F0073895C /* Release */,
			);
			defaultConfigurationIsVisible = 0;
		};
		8B3AEBF11C16641F0073895C /* Build configuration list for PBXNativeTarget "FoodTrackerTests" */ = {
			isa = XCConfigurationList;
			buildConfigurations = (
				8B3AEBF21C16641F0073895C /* Debug */,
				8B3AEBF31C16641F0073895C /* Release */,
			);
			defaultConfigurationIsVisible = 0;
		};
		8B3AEBF41C16641F0073895C /* Build configuration list for PBXNativeTarget "FoodTrackerUITests" */ = {
			isa = XCConfigurationList;
			buildConfigurations = (
				8B3AEBF51C16641F0073895C /* Debug */,
				8B3AEBF61C16641F0073895C /* Release */,
			);
			defaultConfigurationIsVisible = 0;
		};
/* End XCConfigurationList section */
	};
	rootObject = 8B3AEBBE1C16641F0073895C /* Project object */;
}
